{
  "nodes": {
    "dasbus": {
      "inputs": {
        "flake-utils": [
          "flake-utils"
        ],
        "nixpkgs": [
          "nixpkgs"
        ]
      },
      "locked": {
        "narHash": "sha256-3skzVA437k2MRHocrfEvHeyxKntJ/a4FZ4fhGkCWwkg=",
        "path": "./dasbus",
        "type": "path"
      },
      "original": {
        "path": "./dasbus",
        "type": "path"
      }
    },
    "flake-utils": {
      "locked": {
        "lastModified": 1638122382,
        "narHash": "sha256-sQzZzAbvKEqN9s0bzWuYmRaA03v40gaJ4+iL1LXjaeI=",
        "owner": "numtide",
        "repo": "flake-utils",
        "rev": "74f7e4319258e287b0f9cb95426c9853b282730b",
        "type": "github"
      },
      "original": {
        "owner": "numtide",
        "repo": "flake-utils",
        "type": "github"
      }
    },
    "nixpkgs": {
      "locked": {
        "lastModified": 1642164076,
        "narHash": "sha256-VEAyDMWDwH2maXbpm98nQogyu8xZgh55J+vee22YDEc=",
        "owner": "nixos",
        "repo": "nixpkgs",
        "rev": "35f8dc6ecc69a90dfa9287088fd49c7c2cb3e9a3",
        "type": "github"
      },
      "original": {
        "owner": "nixos",
        "ref": "master",
        "repo": "nixpkgs",
        "type": "github"
      }
    },
    "root": {
      "inputs": {
        "dasbus": "dasbus",
        "flake-utils": "flake-utils",
        "nixpkgs": "nixpkgs"
      }
    }
  },
  "root": "root",
  "version": 7
}
