{
  "nodes": {
    "dasbus": {
      "inputs": {
        "flake-utils": [
          "flake-utils"
        ],
        "nixpkgs": [
          "nixpkgs"
        ]
      },
      "locked": {
        "narHash": "sha256-PohYA+c2AeN2OgM26RbB1k1F1F3O50KbwLakoF8zVfQ=",
        "path": "/home/jonas/newm-dev/newm/dist/nixos/dasbus",
        "type": "path"
      },
      "original": {
        "path": "/home/jonas/newm-dev/newm/dist/nixos/dasbus",
        "type": "path"
      }
    },
    "flake-utils": {
      "locked": {
        "lastModified": 1638122382,
        "narHash": "sha256-sQzZzAbvKEqN9s0bzWuYmRaA03v40gaJ4+iL1LXjaeI=",
        "owner": "numtide",
        "repo": "flake-utils",
        "rev": "74f7e4319258e287b0f9cb95426c9853b282730b",
        "type": "github"
      },
      "original": {
        "owner": "numtide",
        "repo": "flake-utils",
        "type": "github"
      }
    },
    "nixpkgs": {
      "locked": {
        "lastModified": 1642154755,
        "narHash": "sha256-hutfaWfSjrZgcJrLx7cpqofxv6By0pEU4K2xrGGgdPU=",
        "owner": "nixos",
        "repo": "nixpkgs",
        "rev": "c9101439cd6e924ee1e09888e0a110973ec56dfa",
        "type": "github"
      },
      "original": {
        "owner": "nixos",
        "ref": "master",
        "repo": "nixpkgs",
        "type": "github"
      }
    },
    "root": {
      "inputs": {
        "dasbus": "dasbus",
        "flake-utils": "flake-utils",
        "nixpkgs": "nixpkgs"
      }
    }
  },
  "root": "root",
  "version": 7
}
